
Microsoft Visual Studio Solution File, Format Version 12.00
# Visual Studio Version 17
VisualStudioVersion = 17.3.32901.215
MinimumVisualStudioVersion = 10.0.40219.1
Project("{FAE04EC0-301F-11D3-BF4B-00C04F79EFBC}") = "LibEF", "LibEF\LibEF.csproj", "{D14E4B9E-E6B6-4E65-89A6-749C333AC08A}"
EndProject
Global
	GlobalSection(SolutionConfigurationPlatforms) = preSolution
		Debug|Any CPU = Debug|Any CPU
		Release|Any CPU = Release|Any CPU
	EndGlobalSection
	GlobalSection(ProjectConfigurationPlatforms) = postSolution
		{D14E4B9E-E6B6-4E65-89A6-749C333AC08A}.Debug|Any CPU.ActiveCfg = Debug|Any CPU
		{D14E4B9E-E6B6-4E65-89A6-749C333AC08A}.Debug|Any CPU.Build.0 = Debug|Any CPU
		{D14E4B9E-E6B6-4E65-89A6-749C333AC08A}.Release|Any CPU.ActiveCfg = Release|Any CPU
		{D14E4B9E-E6B6-4E65-89A6-749C333AC08A}.Release|Any CPU.Build.0 = Release|Any CPU
	EndGlobalSection
	GlobalSection(SolutionProperties) = preSolution
		HideSolutionNode = FALSE
	EndGlobalSection
	GlobalSection(ExtensibilityGlobals) = postSolution
		SolutionGuid = {E7B2986A-72F6-4468-9CC6-0C7BADCD7D94}
	EndGlobalSection
EndGlobal
